
Microsoft Visual Studio Solution File, Format Version 12.00
# Visual Studio Version 17
VisualStudioVersion = 17.8.34309.116
MinimumVisualStudioVersion = 10.0.40219.1
Project("{9A19103F-16F7-4668-BE54-9A1E7A4F7556}") = "eMag.AzureFunctions", "src\eMag.AzureFunctions\eMag.AzureFunctions.csproj", "{6CABFC79-6951-40AE-B7BE-26360C1A2CCA}"
EndProject
Project("{9A19103F-16F7-4668-BE54-9A1E7A4F7556}") = "eMag.Infrastructure", "src\eMag.Infrastructure\eMag.Infrastructure.csproj", "{EC1685B9-9488-4526-961E-75D8D4A238C7}"
EndProject
Global
	GlobalSection(SolutionConfigurationPlatforms) = preSolution
		Debug|Any CPU = Debug|Any CPU
		Release|Any CPU = Release|Any CPU
	EndGlobalSection
	GlobalSection(ProjectConfigurationPlatforms) = postSolution
		{6CABFC79-6951-40AE-B7BE-26360C1A2CCA}.Debug|Any CPU.ActiveCfg = Debug|Any CPU
		{6CABFC79-6951-40AE-B7BE-26360C1A2CCA}.Debug|Any CPU.Build.0 = Debug|Any CPU
		{6CABFC79-6951-40AE-B7BE-26360C1A2CCA}.Release|Any CPU.ActiveCfg = Release|Any CPU
		{6CABFC79-6951-40AE-B7BE-26360C1A2CCA}.Release|Any CPU.Build.0 = Release|Any CPU
		{EC1685B9-9488-4526-961E-75D8D4A238C7}.Debug|Any CPU.ActiveCfg = Debug|Any CPU
		{EC1685B9-9488-4526-961E-75D8D4A238C7}.Debug|Any CPU.Build.0 = Debug|Any CPU
		{EC1685B9-9488-4526-961E-75D8D4A238C7}.Release|Any CPU.ActiveCfg = Release|Any CPU
		{EC1685B9-9488-4526-961E-75D8D4A238C7}.Release|Any CPU.Build.0 = Release|Any CPU
	EndGlobalSection
	GlobalSection(SolutionProperties) = preSolution
		HideSolutionNode = FALSE
	EndGlobalSection
	GlobalSection(ExtensibilityGlobals) = postSolution
		SolutionGuid = {E1056B46-8A75-44F2-BC86-3B8D8F6C9AF9}
	EndGlobalSection
EndGlobal
